
Microsoft Visual Studio Solution File, Format Version 12.00
Project("{FAE04EC0-301F-11D3-BF4B-00C04F79EFBC}") = "ExternalDataImporter", "src\ExternalDataImporter\ExternalDataImporter.csproj", "{11A20DAE-4057-4357-8241-128FB8DADE79}"
EndProject
Project("{FAE04EC0-301F-11D3-BF4B-00C04F79EFBC}") = "ExternalDataImporter.UnitTests", "tests\ExternalDataImporter.UnitTests\ExternalDataImporter.UnitTests.csproj", "{C2B2125B-27B3-479D-AEBF-56D3966A6969}"
EndProject
Project("{FAE04EC0-301F-11D3-BF4B-00C04F79EFBC}") = "ExternalDataImporter.Data", "src\ExternalDataImporter.Data\ExternalDataImporter.Data.csproj", "{15C320E1-471E-4115-84F0-14F580A55E3A}"
EndProject
Project("{FAE04EC0-301F-11D3-BF4B-00C04F79EFBC}") = "ExternalDataImporter.Application", "src\ExternalDataImporter.Application\ExternalDataImporter.Application.csproj", "{5A3C2E64-1495-47F2-90FF-A0CB952D9946}"
EndProject
Project("{FAE04EC0-301F-11D3-BF4B-00C04F79EFBC}") = "ExternalDataImporter.Domain", "src\ExternalDataImporter.Domain\ExternalDataImporter.Domain.csproj", "{0ED3892E-2500-4826-B6D2-DCD378DFB667}"
EndProject
Global
	GlobalSection(SolutionConfigurationPlatforms) = preSolution
		Debug|Any CPU = Debug|Any CPU
		Release|Any CPU = Release|Any CPU
	EndGlobalSection
	GlobalSection(ProjectConfigurationPlatforms) = postSolution
		{11A20DAE-4057-4357-8241-128FB8DADE79}.Debug|Any CPU.ActiveCfg = Debug|Any CPU
		{11A20DAE-4057-4357-8241-128FB8DADE79}.Debug|Any CPU.Build.0 = Debug|Any CPU
		{11A20DAE-4057-4357-8241-128FB8DADE79}.Release|Any CPU.ActiveCfg = Release|Any CPU
		{11A20DAE-4057-4357-8241-128FB8DADE79}.Release|Any CPU.Build.0 = Release|Any CPU
		{C2B2125B-27B3-479D-AEBF-56D3966A6969}.Debug|Any CPU.ActiveCfg = Debug|Any CPU
		{C2B2125B-27B3-479D-AEBF-56D3966A6969}.Debug|Any CPU.Build.0 = Debug|Any CPU
		{C2B2125B-27B3-479D-AEBF-56D3966A6969}.Release|Any CPU.ActiveCfg = Release|Any CPU
		{C2B2125B-27B3-479D-AEBF-56D3966A6969}.Release|Any CPU.Build.0 = Release|Any CPU
		{15C320E1-471E-4115-84F0-14F580A55E3A}.Debug|Any CPU.ActiveCfg = Debug|Any CPU
		{15C320E1-471E-4115-84F0-14F580A55E3A}.Debug|Any CPU.Build.0 = Debug|Any CPU
		{15C320E1-471E-4115-84F0-14F580A55E3A}.Release|Any CPU.ActiveCfg = Release|Any CPU
		{15C320E1-471E-4115-84F0-14F580A55E3A}.Release|Any CPU.Build.0 = Release|Any CPU
		{5A3C2E64-1495-47F2-90FF-A0CB952D9946}.Debug|Any CPU.ActiveCfg = Debug|Any CPU
		{5A3C2E64-1495-47F2-90FF-A0CB952D9946}.Debug|Any CPU.Build.0 = Debug|Any CPU
		{5A3C2E64-1495-47F2-90FF-A0CB952D9946}.Release|Any CPU.ActiveCfg = Release|Any CPU
		{5A3C2E64-1495-47F2-90FF-A0CB952D9946}.Release|Any CPU.Build.0 = Release|Any CPU
		{0ED3892E-2500-4826-B6D2-DCD378DFB667}.Debug|Any CPU.ActiveCfg = Debug|Any CPU
		{0ED3892E-2500-4826-B6D2-DCD378DFB667}.Debug|Any CPU.Build.0 = Debug|Any CPU
		{0ED3892E-2500-4826-B6D2-DCD378DFB667}.Release|Any CPU.ActiveCfg = Release|Any CPU
		{0ED3892E-2500-4826-B6D2-DCD378DFB667}.Release|Any CPU.Build.0 = Release|Any CPU
	EndGlobalSection
EndGlobal
